Microsoft Visual Studio Solution File, Format Version 12.00
# Visual Studio Version 16
VisualStudioVersion = 16.0.0.0
MinimumVisualStudioVersion = 16.0.0.0
Project("{9A19103F-16F7-4668-BE54-9A1E7A4F7556}") = "FarmaciaHJ.Server", "Server\FarmaciaHJ.Server.csproj", "{FB2BBE85-F554-495C-A904-AB21D58CD335}"
EndProject
Project("{9A19103F-16F7-4668-BE54-9A1E7A4F7556}") = "FarmaciaHJ.Client", "Client\FarmaciaHJ.Client.csproj", "{3DA6489F-2529-45C9-AE08-4DF5CA13FC7A}"
EndProject
Project("{9A19103F-16F7-4668-BE54-9A1E7A4F7556}") = "FarmaciaHJ.Shared", "Shared\FarmaciaHJ.Shared.csproj", "{806BDC54-C7C7-4961-A27E-19549E37FD88}"
EndProject
Global
	GlobalSection(SolutionConfigurationPlatforms) = preSolution
		Debug|Any CPU = Debug|Any CPU
		Debug|x64 = Debug|x64
		Debug|x86 = Debug|x86
		Release|Any CPU = Release|Any CPU
		Release|x64 = Release|x64
		Release|x86 = Release|x86
	EndGlobalSection
	GlobalSection(ProjectConfigurationPlatforms) = postSolution
		{3DA6489F-2529-45C9-AE08-4DF5CA13FC7A}.Debug|Any CPU.ActiveCfg = Debug|Any CPU
		{3DA6489F-2529-45C9-AE08-4DF5CA13FC7A}.Debug|Any CPU.Build.0 = Debug|Any CPU
		{3DA6489F-2529-45C9-AE08-4DF5CA13FC7A}.Debug|x64.ActiveCfg = Debug|Any CPU
		{3DA6489F-2529-45C9-AE08-4DF5CA13FC7A}.Debug|x64.Build.0 = Debug|Any CPU
		{3DA6489F-2529-45C9-AE08-4DF5CA13FC7A}.Debug|x86.ActiveCfg = Debug|Any CPU
		{3DA6489F-2529-45C9-AE08-4DF5CA13FC7A}.Debug|x86.Build.0 = Debug|Any CPU
		{3DA6489F-2529-45C9-AE08-4DF5CA13FC7A}.Release|Any CPU.ActiveCfg = Release|Any CPU
		{3DA6489F-2529-45C9-AE08-4DF5CA13FC7A}.Release|Any CPU.Build.0 = Release|Any CPU
		{3DA6489F-2529-45C9-AE08-4DF5CA13FC7A}.Release|x64.ActiveCfg = Release|Any CPU
		{3DA6489F-2529-45C9-AE08-4DF5CA13FC7A}.Release|x64.Build.0 = Release|Any CPU
		{3DA6489F-2529-45C9-AE08-4DF5CA13FC7A}.Release|x86.ActiveCfg = Release|Any CPU
		{3DA6489F-2529-45C9-AE08-4DF5CA13FC7A}.Release|x86.Build.0 = Release|Any CPU
		{FB2BBE85-F554-495C-A904-AB21D58CD335}.Debug|Any CPU.ActiveCfg = Debug|Any CPU
		{FB2BBE85-F554-495C-A904-AB21D58CD335}.Debug|Any CPU.Build.0 = Debug|Any CPU
		{FB2BBE85-F554-495C-A904-AB21D58CD335}.Debug|x64.ActiveCfg = Debug|Any CPU
		{FB2BBE85-F554-495C-A904-AB21D58CD335}.Debug|x64.Build.0 = Debug|Any CPU
		{FB2BBE85-F554-495C-A904-AB21D58CD335}.Debug|x86.ActiveCfg = Debug|Any CPU
		{FB2BBE85-F554-495C-A904-AB21D58CD335}.Debug|x86.Build.0 = Debug|Any CPU
		{FB2BBE85-F554-495C-A904-AB21D58CD335}.Release|Any CPU.ActiveCfg = Release|Any CPU
		{FB2BBE85-F554-495C-A904-AB21D58CD335}.Release|Any CPU.Build.0 = Release|Any CPU
		{FB2BBE85-F554-495C-A904-AB21D58CD335}.Release|x64.ActiveCfg = Release|Any CPU
		{FB2BBE85-F554-495C-A904-AB21D58CD335}.Release|x64.Build.0 = Release|Any CPU
		{FB2BBE85-F554-495C-A904-AB21D58CD335}.Release|x86.ActiveCfg = Release|Any CPU
		{FB2BBE85-F554-495C-A904-AB21D58CD335}.Release|x86.Build.0 = Release|Any CPU
		{806BDC54-C7C7-4961-A27E-19549E37FD88}.Debug|Any CPU.ActiveCfg = Debug|Any CPU
		{806BDC54-C7C7-4961-A27E-19549E37FD88}.Debug|Any CPU.Build.0 = Debug|Any CPU
		{806BDC54-C7C7-4961-A27E-19549E37FD88}.Debug|x64.ActiveCfg = Debug|Any CPU
		{806BDC54-C7C7-4961-A27E-19549E37FD88}.Debug|x64.Build.0 = Debug|Any CPU
		{806BDC54-C7C7-4961-A27E-19549E37FD88}.Debug|x86.ActiveCfg = Debug|Any CPU
		{806BDC54-C7C7-4961-A27E-19549E37FD88}.Debug|x86.Build.0 = Debug|Any CPU
		{806BDC54-C7C7-4961-A27E-19549E37FD88}.Release|Any CPU.ActiveCfg = Release|Any CPU
		{806BDC54-C7C7-4961-A27E-19549E37FD88}.Release|Any CPU.Build.0 = Release|Any CPU
		{806BDC54-C7C7-4961-A27E-19549E37FD88}.Release|x64.ActiveCfg = Release|Any CPU
		{806BDC54-C7C7-4961-A27E-19549E37FD88}.Release|x64.Build.0 = Release|Any CPU
		{806BDC54-C7C7-4961-A27E-19549E37FD88}.Release|x86.ActiveCfg = Release|Any CPU
		{806BDC54-C7C7-4961-A27E-19549E37FD88}.Release|x86.Build.0 = Release|Any CPU
	EndGlobalSection
	GlobalSection(SolutionProperties) = preSolution
		HideSolutionNode = FALSE
	EndGlobalSection
	GlobalSection(ExtensibilityGlobals) = postSolution
		SolutionGuid = {0ECD9468-B501-4E69-9376-D81460AF7A7A}
	EndGlobalSection
EndGlobal